
Microsoft Visual Studio Solution File, Format Version 12.00
# Visual Studio 14
VisualStudioVersion = 14.0.25420.1
MinimumVisualStudioVersion = 10.0.40219.1
Project("{FAE04EC0-301F-11D3-BF4B-00C04F79EFBC}") = "Labyrinth", "Labyrinth\Labyrinth.csproj", "{29BACB01-BE00-4103-A1B7-00422CEEB37E}"
EndProject
Project("{FAE04EC0-301F-11D3-BF4B-00C04F79EFBC}") = "Labyrinth.Model", "Labyrinth.Model\Labyrinth.Model.csproj", "{072C9EC8-91A1-43ED-8D27-CA691EAB9200}"
EndProject
Project("{FAE04EC0-301F-11D3-BF4B-00C04F79EFBC}") = "Labyrinth.Data", "Labyrinth.Data\Labyrinth.Data.csproj", "{390435F9-D395-453C-98C7-2CBFF9BCADD8}"
EndProject
Project("{FAE04EC0-301F-11D3-BF4B-00C04F79EFBC}") = "LabyrinthModelTest", "UnitTestProject1\LabyrinthModelTest.csproj", "{0610B6A6-AC84-4B10-BDF3-B98F93C1B05D}"
EndProject
Project("{FAE04EC0-301F-11D3-BF4B-00C04F79EFBC}") = "WPFView", "WPFView\WPFView.csproj", "{3587BE78-3DD5-4533-A88B-AA10A97BAB74}"
EndProject
Project("{FAE04EC0-301F-11D3-BF4B-00C04F79EFBC}") = "Xamarin", "Xamarin\Xamarin\Xamarin.csproj", "{5E130345-A1E9-4ACE-949C-6413A285FE55}"
EndProject
Project("{FAE04EC0-301F-11D3-BF4B-00C04F79EFBC}") = "Xamarin.Windows", "Xamarin\Xamarin.Windows\Xamarin.Windows.csproj", "{81F6C6C0-084D-4321-8D0C-F7EFEBDFED0D}"
EndProject
Global
	GlobalSection(SolutionConfigurationPlatforms) = preSolution
		Ad-Hoc|Any CPU = Ad-Hoc|Any CPU
		Ad-Hoc|ARM = Ad-Hoc|ARM
		Ad-Hoc|iPhone = Ad-Hoc|iPhone
		Ad-Hoc|iPhoneSimulator = Ad-Hoc|iPhoneSimulator
		Ad-Hoc|x64 = Ad-Hoc|x64
		Ad-Hoc|x86 = Ad-Hoc|x86
		AppStore|Any CPU = AppStore|Any CPU
		AppStore|ARM = AppStore|ARM
		AppStore|iPhone = AppStore|iPhone
		AppStore|iPhoneSimulator = AppStore|iPhoneSimulator
		AppStore|x64 = AppStore|x64
		AppStore|x86 = AppStore|x86
		Debug|Any CPU = Debug|Any CPU
		Debug|ARM = Debug|ARM
		Debug|iPhone = Debug|iPhone
		Debug|iPhoneSimulator = Debug|iPhoneSimulator
		Debug|x64 = Debug|x64
		Debug|x86 = Debug|x86
		Release|Any CPU = Release|Any CPU
		Release|ARM = Release|ARM
		Release|iPhone = Release|iPhone
		Release|iPhoneSimulator = Release|iPhoneSimulator
		Release|x64 = Release|x64
		Release|x86 = Release|x86
	EndGlobalSection
	GlobalSection(ProjectConfigurationPlatforms) = postSolution
		{29BACB01-BE00-4103-A1B7-00422CEEB37E}.Ad-Hoc|Any CPU.ActiveCfg = Release|Any CPU
		{29BACB01-BE00-4103-A1B7-00422CEEB37E}.Ad-Hoc|Any CPU.Build.0 = Release|Any CPU
		{29BACB01-BE00-4103-A1B7-00422CEEB37E}.Ad-Hoc|ARM.ActiveCfg = Release|Any CPU
		{29BACB01-BE00-4103-A1B7-00422CEEB37E}.Ad-Hoc|ARM.Build.0 = Release|Any CPU
		{29BACB01-BE00-4103-A1B7-00422CEEB37E}.Ad-Hoc|iPhone.ActiveCfg = Release|Any CPU
		{29BACB01-BE00-4103-A1B7-00422CEEB37E}.Ad-Hoc|iPhone.Build.0 = Release|Any CPU
		{29BACB01-BE00-4103-A1B7-00422CEEB37E}.Ad-Hoc|iPhoneSimulator.ActiveCfg = Release|Any CPU
		{29BACB01-BE00-4103-A1B7-00422CEEB37E}.Ad-Hoc|iPhoneSimulator.Build.0 = Release|Any CPU
		{29BACB01-BE00-4103-A1B7-00422CEEB37E}.Ad-Hoc|x64.ActiveCfg = Release|Any CPU
		{29BACB01-BE00-4103-A1B7-00422CEEB37E}.Ad-Hoc|x64.Build.0 = Release|Any CPU
		{29BACB01-BE00-4103-A1B7-00422CEEB37E}.Ad-Hoc|x86.ActiveCfg = Release|Any CPU
		{29BACB01-BE00-4103-A1B7-00422CEEB37E}.Ad-Hoc|x86.Build.0 = Release|Any CPU
		{29BACB01-BE00-4103-A1B7-00422CEEB37E}.AppStore|Any CPU.ActiveCfg = Release|Any CPU
		{29BACB01-BE00-4103-A1B7-00422CEEB37E}.AppStore|Any CPU.Build.0 = Release|Any CPU
		{29BACB01-BE00-4103-A1B7-00422CEEB37E}.AppStore|ARM.ActiveCfg = Release|Any CPU
		{29BACB01-BE00-4103-A1B7-00422CEEB37E}.AppStore|ARM.Build.0 = Release|Any CPU
		{29BACB01-BE00-4103-A1B7-00422CEEB37E}.AppStore|iPhone.ActiveCfg = Release|Any CPU
		{29BACB01-BE00-4103-A1B7-00422CEEB37E}.AppStore|iPhone.Build.0 = Release|Any CPU
		{29BACB01-BE00-4103-A1B7-00422CEEB37E}.AppStore|iPhoneSimulator.ActiveCfg = Release|Any CPU
		{29BACB01-BE00-4103-A1B7-00422CEEB37E}.AppStore|iPhoneSimulator.Build.0 = Release|Any CPU
		{29BACB01-BE00-4103-A1B7-00422CEEB37E}.AppStore|x64.ActiveCfg = Release|Any CPU
		{29BACB01-BE00-4103-A1B7-00422CEEB37E}.AppStore|x64.Build.0 = Release|Any CPU
		{29BACB01-BE00-4103-A1B7-00422CEEB37E}.AppStore|x86.ActiveCfg = Release|Any CPU
		{29BACB01-BE00-4103-A1B7-00422CEEB37E}.AppStore|x86.Build.0 = Release|Any CPU
		{29BACB01-BE00-4103-A1B7-00422CEEB37E}.Debug|Any CPU.ActiveCfg = Debug|Any CPU
		{29BACB01-BE00-4103-A1B7-00422CEEB37E}.Debug|Any CPU.Build.0 = Debug|Any CPU
		{29BACB01-BE00-4103-A1B7-00422CEEB37E}.Debug|ARM.ActiveCfg = Debug|Any CPU
		{29BACB01-BE00-4103-A1B7-00422CEEB37E}.Debug|ARM.Build.0 = Debug|Any CPU
		{29BACB01-BE00-4103-A1B7-00422CEEB37E}.Debug|iPhone.ActiveCfg = Debug|Any CPU
		{29BACB01-BE00-4103-A1B7-00422CEEB37E}.Debug|iPhone.Build.0 = Debug|Any CPU
		{29BACB01-BE00-4103-A1B7-00422CEEB37E}.Debug|iPhoneSimulator.ActiveCfg = Debug|Any CPU
		{29BACB01-BE00-4103-A1B7-00422CEEB37E}.Debug|iPhoneSimulator.Build.0 = Debug|Any CPU
		{29BACB01-BE00-4103-A1B7-00422CEEB37E}.Debug|x64.ActiveCfg = Debug|Any CPU
		{29BACB01-BE00-4103-A1B7-00422CEEB37E}.Debug|x64.Build.0 = Debug|Any CPU
		{29BACB01-BE00-4103-A1B7-00422CEEB37E}.Debug|x86.ActiveCfg = Debug|Any CPU
		{29BACB01-BE00-4103-A1B7-00422CEEB37E}.Debug|x86.Build.0 = Debug|Any CPU
		{29BACB01-BE00-4103-A1B7-00422CEEB37E}.Release|Any CPU.ActiveCfg = Release|Any CPU
		{29BACB01-BE00-4103-A1B7-00422CEEB37E}.Release|Any CPU.Build.0 = Release|Any CPU
		{29BACB01-BE00-4103-A1B7-00422CEEB37E}.Release|ARM.ActiveCfg = Release|Any CPU
		{29BACB01-BE00-4103-A1B7-00422CEEB37E}.Release|ARM.Build.0 = Release|Any CPU
		{29BACB01-BE00-4103-A1B7-00422CEEB37E}.Release|iPhone.ActiveCfg = Release|Any CPU
		{29BACB01-BE00-4103-A1B7-00422CEEB37E}.Release|iPhone.Build.0 = Release|Any CPU
		{29BACB01-BE00-4103-A1B7-00422CEEB37E}.Release|iPhoneSimulator.ActiveCfg = Release|Any CPU
		{29BACB01-BE00-4103-A1B7-00422CEEB37E}.Release|iPhoneSimulator.Build.0 = Release|Any CPU
		{29BACB01-BE00-4103-A1B7-00422CEEB37E}.Release|x64.ActiveCfg = Release|Any CPU
		{29BACB01-BE00-4103-A1B7-00422CEEB37E}.Release|x64.Build.0 = Release|Any CPU
		{29BACB01-BE00-4103-A1B7-00422CEEB37E}.Release|x86.ActiveCfg = Release|Any CPU
		{29BACB01-BE00-4103-A1B7-00422CEEB37E}.Release|x86.Build.0 = Release|Any CPU
		{072C9EC8-91A1-43ED-8D27-CA691EAB9200}.Ad-Hoc|Any CPU.ActiveCfg = Release|Any CPU
		{072C9EC8-91A1-43ED-8D27-CA691EAB9200}.Ad-Hoc|Any CPU.Build.0 = Release|Any CPU
		{072C9EC8-91A1-43ED-8D27-CA691EAB9200}.Ad-Hoc|ARM.ActiveCfg = Release|Any CPU
		{072C9EC8-91A1-43ED-8D27-CA691EAB9200}.Ad-Hoc|ARM.Build.0 = Release|Any CPU
		{072C9EC8-91A1-43ED-8D27-CA691EAB9200}.Ad-Hoc|iPhone.ActiveCfg = Release|Any CPU
		{072C9EC8-91A1-43ED-8D27-CA691EAB9200}.Ad-Hoc|iPhone.Build.0 = Release|Any CPU
		{072C9EC8-91A1-43ED-8D27-CA691EAB9200}.Ad-Hoc|iPhoneSimulator.ActiveCfg = Release|Any CPU
		{072C9EC8-91A1-43ED-8D27-CA691EAB9200}.Ad-Hoc|iPhoneSimulator.Build.0 = Release|Any CPU
		{072C9EC8-91A1-43ED-8D27-CA691EAB9200}.Ad-Hoc|x64.ActiveCfg = Release|Any CPU
		{072C9EC8-91A1-43ED-8D27-CA691EAB9200}.Ad-Hoc|x64.Build.0 = Release|Any CPU
		{072C9EC8-91A1-43ED-8D27-CA691EAB9200}.Ad-Hoc|x86.ActiveCfg = Release|Any CPU
		{072C9EC8-91A1-43ED-8D27-CA691EAB9200}.Ad-Hoc|x86.Build.0 = Release|Any CPU
		{072C9EC8-91A1-43ED-8D27-CA691EAB9200}.AppStore|Any CPU.ActiveCfg = Release|Any CPU
		{072C9EC8-91A1-43ED-8D27-CA691EAB9200}.AppStore|Any CPU.Build.0 = Release|Any CPU
		{072C9EC8-91A1-43ED-8D27-CA691EAB9200}.AppStore|ARM.ActiveCfg = Release|Any CPU
		{072C9EC8-91A1-43ED-8D27-CA691EAB9200}.AppStore|ARM.Build.0 = Release|Any CPU
		{072C9EC8-91A1-43ED-8D27-CA691EAB9200}.AppStore|iPhone.ActiveCfg = Release|Any CPU
		{072C9EC8-91A1-43ED-8D27-CA691EAB9200}.AppStore|iPhone.Build.0 = Release|Any CPU
		{072C9EC8-91A1-43ED-8D27-CA691EAB9200}.AppStore|iPhoneSimulator.ActiveCfg = Release|Any CPU
		{072C9EC8-91A1-43ED-8D27-CA691EAB9200}.AppStore|iPhoneSimulator.Build.0 = Release|Any CPU
		{072C9EC8-91A1-43ED-8D27-CA691EAB9200}.AppStore|x64.ActiveCfg = Release|Any CPU
		{072C9EC8-91A1-43ED-8D27-CA691EAB9200}.AppStore|x64.Build.0 = Release|Any CPU
		{072C9EC8-91A1-43ED-8D27-CA691EAB9200}.AppStore|x86.ActiveCfg = Release|Any CPU
		{072C9EC8-91A1-43ED-8D27-CA691EAB9200}.AppStore|x86.Build.0 = Release|Any CPU
		{072C9EC8-91A1-43ED-8D27-CA691EAB9200}.Debug|Any CPU.ActiveCfg = Debug|Any CPU
		{072C9EC8-91A1-43ED-8D27-CA691EAB9200}.Debug|Any CPU.Build.0 = Debug|Any CPU
		{072C9EC8-91A1-43ED-8D27-CA691EAB9200}.Debug|ARM.ActiveCfg = Debug|Any CPU
		{072C9EC8-91A1-43ED-8D27-CA691EAB9200}.Debug|ARM.Build.0 = Debug|Any CPU
		{072C9EC8-91A1-43ED-8D27-CA691EAB9200}.Debug|iPhone.ActiveCfg = Debug|Any CPU
		{072C9EC8-91A1-43ED-8D27-CA691EAB9200}.Debug|iPhone.Build.0 = Debug|Any CPU
		{072C9EC8-91A1-43ED-8D27-CA691EAB9200}.Debug|iPhoneSimulator.ActiveCfg = Debug|Any CPU
		{072C9EC8-91A1-43ED-8D27-CA691EAB9200}.Debug|iPhoneSimulator.Build.0 = Debug|Any CPU
		{072C9EC8-91A1-43ED-8D27-CA691EAB9200}.Debug|x64.ActiveCfg = Debug|Any CPU
		{072C9EC8-91A1-43ED-8D27-CA691EAB9200}.Debug|x64.Build.0 = Debug|Any CPU
		{072C9EC8-91A1-43ED-8D27-CA691EAB9200}.Debug|x86.ActiveCfg = Debug|Any CPU
		{072C9EC8-91A1-43ED-8D27-CA691EAB9200}.Debug|x86.Build.0 = Debug|Any CPU
		{072C9EC8-91A1-43ED-8D27-CA691EAB9200}.Release|Any CPU.ActiveCfg = Release|Any CPU
		{072C9EC8-91A1-43ED-8D27-CA691EAB9200}.Release|Any CPU.Build.0 = Release|Any CPU
		{072C9EC8-91A1-43ED-8D27-CA691EAB9200}.Release|ARM.ActiveCfg = Release|Any CPU
		{072C9EC8-91A1-43ED-8D27-CA691EAB9200}.Release|ARM.Build.0 = Release|Any CPU
		{072C9EC8-91A1-43ED-8D27-CA691EAB9200}.Release|iPhone.ActiveCfg = Release|Any CPU
		{072C9EC8-91A1-43ED-8D27-CA691EAB9200}.Release|iPhone.Build.0 = Release|Any CPU
		{072C9EC8-91A1-43ED-8D27-CA691EAB9200}.Release|iPhoneSimulator.ActiveCfg = Release|Any CPU
		{072C9EC8-91A1-43ED-8D27-CA691EAB9200}.Release|iPhoneSimulator.Build.0 = Release|Any CPU
		{072C9EC8-91A1-43ED-8D27-CA691EAB9200}.Release|x64.ActiveCfg = Release|Any CPU
		{072C9EC8-91A1-43ED-8D27-CA691EAB9200}.Release|x64.Build.0 = Release|Any CPU
		{072C9EC8-91A1-43ED-8D27-CA691EAB9200}.Release|x86.ActiveCfg = Release|Any CPU
		{072C9EC8-91A1-43ED-8D27-CA691EAB9200}.Release|x86.Build.0 = Release|Any CPU
		{390435F9-D395-453C-98C7-2CBFF9BCADD8}.Ad-Hoc|Any CPU.ActiveCfg = Release|Any CPU
		{390435F9-D395-453C-98C7-2CBFF9BCADD8}.Ad-Hoc|Any CPU.Build.0 = Release|Any CPU
		{390435F9-D395-453C-98C7-2CBFF9BCADD8}.Ad-Hoc|ARM.ActiveCfg = Release|Any CPU
		{390435F9-D395-453C-98C7-2CBFF9BCADD8}.Ad-Hoc|ARM.Build.0 = Release|Any CPU
		{390435F9-D395-453C-98C7-2CBFF9BCADD8}.Ad-Hoc|iPhone.ActiveCfg = Release|Any CPU
		{390435F9-D395-453C-98C7-2CBFF9BCADD8}.Ad-Hoc|iPhone.Build.0 = Release|Any CPU
		{390435F9-D395-453C-98C7-2CBFF9BCADD8}.Ad-Hoc|iPhoneSimulator.ActiveCfg = Release|Any CPU
		{390435F9-D395-453C-98C7-2CBFF9BCADD8}.Ad-Hoc|iPhoneSimulator.Build.0 = Release|Any CPU
		{390435F9-D395-453C-98C7-2CBFF9BCADD8}.Ad-Hoc|x64.ActiveCfg = Release|Any CPU
		{390435F9-D395-453C-98C7-2CBFF9BCADD8}.Ad-Hoc|x64.Build.0 = Release|Any CPU
		{390435F9-D395-453C-98C7-2CBFF9BCADD8}.Ad-Hoc|x86.ActiveCfg = Release|Any CPU
		{390435F9-D395-453C-98C7-2CBFF9BCADD8}.Ad-Hoc|x86.Build.0 = Release|Any CPU
		{390435F9-D395-453C-98C7-2CBFF9BCADD8}.AppStore|Any CPU.ActiveCfg = Release|Any CPU
		{390435F9-D395-453C-98C7-2CBFF9BCADD8}.AppStore|Any CPU.Build.0 = Release|Any CPU
		{390435F9-D395-453C-98C7-2CBFF9BCADD8}.AppStore|ARM.ActiveCfg = Release|Any CPU
		{390435F9-D395-453C-98C7-2CBFF9BCADD8}.AppStore|ARM.Build.0 = Release|Any CPU
		{390435F9-D395-453C-98C7-2CBFF9BCADD8}.AppStore|iPhone.ActiveCfg = Release|Any CPU
		{390435F9-D395-453C-98C7-2CBFF9BCADD8}.AppStore|iPhone.Build.0 = Release|Any CPU
		{390435F9-D395-453C-98C7-2CBFF9BCADD8}.AppStore|iPhoneSimulator.ActiveCfg = Release|Any CPU
		{390435F9-D395-453C-98C7-2CBFF9BCADD8}.AppStore|iPhoneSimulator.Build.0 = Release|Any CPU
		{390435F9-D395-453C-98C7-2CBFF9BCADD8}.AppStore|x64.ActiveCfg = Release|Any CPU
		{390435F9-D395-453C-98C7-2CBFF9BCADD8}.AppStore|x64.Build.0 = Release|Any CPU
		{390435F9-D395-453C-98C7-2CBFF9BCADD8}.AppStore|x86.ActiveCfg = Release|Any CPU
		{390435F9-D395-453C-98C7-2CBFF9BCADD8}.AppStore|x86.Build.0 = Release|Any CPU
		{390435F9-D395-453C-98C7-2CBFF9BCADD8}.Debug|Any CPU.ActiveCfg = Debug|Any CPU
		{390435F9-D395-453C-98C7-2CBFF9BCADD8}.Debug|Any CPU.Build.0 = Debug|Any CPU
		{390435F9-D395-453C-98C7-2CBFF9BCADD8}.Debug|ARM.ActiveCfg = Debug|Any CPU
		{390435F9-D395-453C-98C7-2CBFF9BCADD8}.Debug|ARM.Build.0 = Debug|Any CPU
		{390435F9-D395-453C-98C7-2CBFF9BCADD8}.Debug|iPhone.ActiveCfg = Debug|Any CPU
		{390435F9-D395-453C-98C7-2CBFF9BCADD8}.Debug|iPhone.Build.0 = Debug|Any CPU
		{390435F9-D395-453C-98C7-2CBFF9BCADD8}.Debug|iPhoneSimulator.ActiveCfg = Debug|Any CPU
		{390435F9-D395-453C-98C7-2CBFF9BCADD8}.Debug|iPhoneSimulator.Build.0 = Debug|Any CPU
		{390435F9-D395-453C-98C7-2CBFF9BCADD8}.Debug|x64.ActiveCfg = Debug|Any CPU
		{390435F9-D395-453C-98C7-2CBFF9BCADD8}.Debug|x64.Build.0 = Debug|Any CPU
		{390435F9-D395-453C-98C7-2CBFF9BCADD8}.Debug|x86.ActiveCfg = Debug|Any CPU
		{390435F9-D395-453C-98C7-2CBFF9BCADD8}.Debug|x86.Build.0 = Debug|Any CPU
		{390435F9-D395-453C-98C7-2CBFF9BCADD8}.Release|Any CPU.ActiveCfg = Release|Any CPU
		{390435F9-D395-453C-98C7-2CBFF9BCADD8}.Release|Any CPU.Build.0 = Release|Any CPU
		{390435F9-D395-453C-98C7-2CBFF9BCADD8}.Release|ARM.ActiveCfg = Release|Any CPU
		{390435F9-D395-453C-98C7-2CBFF9BCADD8}.Release|ARM.Build.0 = Release|Any CPU
		{390435F9-D395-453C-98C7-2CBFF9BCADD8}.Release|iPhone.ActiveCfg = Release|Any CPU
		{390435F9-D395-453C-98C7-2CBFF9BCADD8}.Release|iPhone.Build.0 = Release|Any CPU
		{390435F9-D395-453C-98C7-2CBFF9BCADD8}.Release|iPhoneSimulator.ActiveCfg = Release|Any CPU
		{390435F9-D395-453C-98C7-2CBFF9BCADD8}.Release|iPhoneSimulator.Build.0 = Release|Any CPU
		{390435F9-D395-453C-98C7-2CBFF9BCADD8}.Release|x64.ActiveCfg = Release|Any CPU
		{390435F9-D395-453C-98C7-2CBFF9BCADD8}.Release|x64.Build.0 = Release|Any CPU
		{390435F9-D395-453C-98C7-2CBFF9BCADD8}.Release|x86.ActiveCfg = Release|Any CPU
		{390435F9-D395-453C-98C7-2CBFF9BCADD8}.Release|x86.Build.0 = Release|Any CPU
		{0610B6A6-AC84-4B10-BDF3-B98F93C1B05D}.Ad-Hoc|Any CPU.ActiveCfg = Release|Any CPU
		{0610B6A6-AC84-4B10-BDF3-B98F93C1B05D}.Ad-Hoc|Any CPU.Build.0 = Release|Any CPU
		{0610B6A6-AC84-4B10-BDF3-B98F93C1B05D}.Ad-Hoc|ARM.ActiveCfg = Release|Any CPU
		{0610B6A6-AC84-4B10-BDF3-B98F93C1B05D}.Ad-Hoc|ARM.Build.0 = Release|Any CPU
		{0610B6A6-AC84-4B10-BDF3-B98F93C1B05D}.Ad-Hoc|iPhone.ActiveCfg = Release|Any CPU
		{0610B6A6-AC84-4B10-BDF3-B98F93C1B05D}.Ad-Hoc|iPhone.Build.0 = Release|Any CPU
		{0610B6A6-AC84-4B10-BDF3-B98F93C1B05D}.Ad-Hoc|iPhoneSimulator.ActiveCfg = Release|Any CPU
		{0610B6A6-AC84-4B10-BDF3-B98F93C1B05D}.Ad-Hoc|iPhoneSimulator.Build.0 = Release|Any CPU
		{0610B6A6-AC84-4B10-BDF3-B98F93C1B05D}.Ad-Hoc|x64.ActiveCfg = Release|Any CPU
		{0610B6A6-AC84-4B10-BDF3-B98F93C1B05D}.Ad-Hoc|x64.Build.0 = Release|Any CPU
		{0610B6A6-AC84-4B10-BDF3-B98F93C1B05D}.Ad-Hoc|x86.ActiveCfg = Release|Any CPU
		{0610B6A6-AC84-4B10-BDF3-B98F93C1B05D}.Ad-Hoc|x86.Build.0 = Release|Any CPU
		{0610B6A6-AC84-4B10-BDF3-B98F93C1B05D}.AppStore|Any CPU.ActiveCfg = Release|Any CPU
		{0610B6A6-AC84-4B10-BDF3-B98F93C1B05D}.AppStore|Any CPU.Build.0 = Release|Any CPU
		{0610B6A6-AC84-4B10-BDF3-B98F93C1B05D}.AppStore|ARM.ActiveCfg = Release|Any CPU
		{0610B6A6-AC84-4B10-BDF3-B98F93C1B05D}.AppStore|ARM.Build.0 = Release|Any CPU
		{0610B6A6-AC84-4B10-BDF3-B98F93C1B05D}.AppStore|iPhone.ActiveCfg = Release|Any CPU
		{0610B6A6-AC84-4B10-BDF3-B98F93C1B05D}.AppStore|iPhone.Build.0 = Release|Any CPU
		{0610B6A6-AC84-4B10-BDF3-B98F93C1B05D}.AppStore|iPhoneSimulator.ActiveCfg = Release|Any CPU
		{0610B6A6-AC84-4B10-BDF3-B98F93C1B05D}.AppStore|iPhoneSimulator.Build.0 = Release|Any CPU
		{0610B6A6-AC84-4B10-BDF3-B98F93C1B05D}.AppStore|x64.ActiveCfg = Release|Any CPU
		{0610B6A6-AC84-4B10-BDF3-B98F93C1B05D}.AppStore|x64.Build.0 = Release|Any CPU
		{0610B6A6-AC84-4B10-BDF3-B98F93C1B05D}.AppStore|x86.ActiveCfg = Release|Any CPU
		{0610B6A6-AC84-4B10-BDF3-B98F93C1B05D}.AppStore|x86.Build.0 = Release|Any CPU
		{0610B6A6-AC84-4B10-BDF3-B98F93C1B05D}.Debug|Any CPU.ActiveCfg = Debug|Any CPU
		{0610B6A6-AC84-4B10-BDF3-B98F93C1B05D}.Debug|Any CPU.Build.0 = Debug|Any CPU
		{0610B6A6-AC84-4B10-BDF3-B98F93C1B05D}.Debug|ARM.ActiveCfg = Debug|Any CPU
		{0610B6A6-AC84-4B10-BDF3-B98F93C1B05D}.Debug|ARM.Build.0 = Debug|Any CPU
		{0610B6A6-AC84-4B10-BDF3-B98F93C1B05D}.Debug|iPhone.ActiveCfg = Debug|Any CPU
		{0610B6A6-AC84-4B10-BDF3-B98F93C1B05D}.Debug|iPhone.Build.0 = Debug|Any CPU
		{0610B6A6-AC84-4B10-BDF3-B98F93C1B05D}.Debug|iPhoneSimulator.ActiveCfg = Debug|Any CPU
		{0610B6A6-AC84-4B10-BDF3-B98F93C1B05D}.Debug|iPhoneSimulator.Build.0 = Debug|Any CPU
		{0610B6A6-AC84-4B10-BDF3-B98F93C1B05D}.Debug|x64.ActiveCfg = Debug|Any CPU
		{0610B6A6-AC84-4B10-BDF3-B98F93C1B05D}.Debug|x64.Build.0 = Debug|Any CPU
		{0610B6A6-AC84-4B10-BDF3-B98F93C1B05D}.Debug|x86.ActiveCfg = Debug|Any CPU
		{0610B6A6-AC84-4B10-BDF3-B98F93C1B05D}.Debug|x86.Build.0 = Debug|Any CPU
		{0610B6A6-AC84-4B10-BDF3-B98F93C1B05D}.Release|Any CPU.ActiveCfg = Release|Any CPU
		{0610B6A6-AC84-4B10-BDF3-B98F93C1B05D}.Release|Any CPU.Build.0 = Release|Any CPU
		{0610B6A6-AC84-4B10-BDF3-B98F93C1B05D}.Release|ARM.ActiveCfg = Release|Any CPU
		{0610B6A6-AC84-4B10-BDF3-B98F93C1B05D}.Release|ARM.Build.0 = Release|Any CPU
		{0610B6A6-AC84-4B10-BDF3-B98F93C1B05D}.Release|iPhone.ActiveCfg = Release|Any CPU
		{0610B6A6-AC84-4B10-BDF3-B98F93C1B05D}.Release|iPhone.Build.0 = Release|Any CPU
		{0610B6A6-AC84-4B10-BDF3-B98F93C1B05D}.Release|iPhoneSimulator.ActiveCfg = Release|Any CPU
		{0610B6A6-AC84-4B10-BDF3-B98F93C1B05D}.Release|iPhoneSimulator.Build.0 = Release|Any CPU
		{0610B6A6-AC84-4B10-BDF3-B98F93C1B05D}.Release|x64.ActiveCfg = Release|Any CPU
		{0610B6A6-AC84-4B10-BDF3-B98F93C1B05D}.Release|x64.Build.0 = Release|Any CPU
		{0610B6A6-AC84-4B10-BDF3-B98F93C1B05D}.Release|x86.ActiveCfg = Release|Any CPU
		{0610B6A6-AC84-4B10-BDF3-B98F93C1B05D}.Release|x86.Build.0 = Release|Any CPU
		{3587BE78-3DD5-4533-A88B-AA10A97BAB74}.Ad-Hoc|Any CPU.ActiveCfg = Release|Any CPU
		{3587BE78-3DD5-4533-A88B-AA10A97BAB74}.Ad-Hoc|Any CPU.Build.0 = Release|Any CPU
		{3587BE78-3DD5-4533-A88B-AA10A97BAB74}.Ad-Hoc|ARM.ActiveCfg = Release|Any CPU
		{3587BE78-3DD5-4533-A88B-AA10A97BAB74}.Ad-Hoc|ARM.Build.0 = Release|Any CPU
		{3587BE78-3DD5-4533-A88B-AA10A97BAB74}.Ad-Hoc|iPhone.ActiveCfg = Release|Any CPU
		{3587BE78-3DD5-4533-A88B-AA10A97BAB74}.Ad-Hoc|iPhone.Build.0 = Release|Any CPU
		{3587BE78-3DD5-4533-A88B-AA10A97BAB74}.Ad-Hoc|iPhoneSimulator.ActiveCfg = Release|Any CPU
		{3587BE78-3DD5-4533-A88B-AA10A97BAB74}.Ad-Hoc|iPhoneSimulator.Build.0 = Release|Any CPU
		{3587BE78-3DD5-4533-A88B-AA10A97BAB74}.Ad-Hoc|x64.ActiveCfg = Release|Any CPU
		{3587BE78-3DD5-4533-A88B-AA10A97BAB74}.Ad-Hoc|x64.Build.0 = Release|Any CPU
		{3587BE78-3DD5-4533-A88B-AA10A97BAB74}.Ad-Hoc|x86.ActiveCfg = Release|Any CPU
		{3587BE78-3DD5-4533-A88B-AA10A97BAB74}.Ad-Hoc|x86.Build.0 = Release|Any CPU
		{3587BE78-3DD5-4533-A88B-AA10A97BAB74}.AppStore|Any CPU.ActiveCfg = Release|Any CPU
		{3587BE78-3DD5-4533-A88B-AA10A97BAB74}.AppStore|Any CPU.Build.0 = Release|Any CPU
		{3587BE78-3DD5-4533-A88B-AA10A97BAB74}.AppStore|ARM.ActiveCfg = Release|Any CPU
		{3587BE78-3DD5-4533-A88B-AA10A97BAB74}.AppStore|ARM.Build.0 = Release|Any CPU
		{3587BE78-3DD5-4533-A88B-AA10A97BAB74}.AppStore|iPhone.ActiveCfg = Release|Any CPU
		{3587BE78-3DD5-4533-A88B-AA10A97BAB74}.AppStore|iPhone.Build.0 = Release|Any CPU
		{3587BE78-3DD5-4533-A88B-AA10A97BAB74}.AppStore|iPhoneSimulator.ActiveCfg = Release|Any CPU
		{3587BE78-3DD5-4533-A88B-AA10A97BAB74}.AppStore|iPhoneSimulator.Build.0 = Release|Any CPU
		{3587BE78-3DD5-4533-A88B-AA10A97BAB74}.AppStore|x64.ActiveCfg = Release|Any CPU
		{3587BE78-3DD5-4533-A88B-AA10A97BAB74}.AppStore|x64.Build.0 = Release|Any CPU
		{3587BE78-3DD5-4533-A88B-AA10A97BAB74}.AppStore|x86.ActiveCfg = Release|Any CPU
		{3587BE78-3DD5-4533-A88B-AA10A97BAB74}.AppStore|x86.Build.0 = Release|Any CPU
		{3587BE78-3DD5-4533-A88B-AA10A97BAB74}.Debug|Any CPU.ActiveCfg = Debug|Any CPU
		{3587BE78-3DD5-4533-A88B-AA10A97BAB74}.Debug|Any CPU.Build.0 = Debug|Any CPU
		{3587BE78-3DD5-4533-A88B-AA10A97BAB74}.Debug|ARM.ActiveCfg = Debug|Any CPU
		{3587BE78-3DD5-4533-A88B-AA10A97BAB74}.Debug|ARM.Build.0 = Debug|Any CPU
		{3587BE78-3DD5-4533-A88B-AA10A97BAB74}.Debug|iPhone.ActiveCfg = Debug|Any CPU
		{3587BE78-3DD5-4533-A88B-AA10A97BAB74}.Debug|iPhone.Build.0 = Debug|Any CPU
		{3587BE78-3DD5-4533-A88B-AA10A97BAB74}.Debug|iPhoneSimulator.ActiveCfg = Debug|Any CPU
		{3587BE78-3DD5-4533-A88B-AA10A97BAB74}.Debug|iPhoneSimulator.Build.0 = Debug|Any CPU
		{3587BE78-3DD5-4533-A88B-AA10A97BAB74}.Debug|x64.ActiveCfg = Debug|Any CPU
		{3587BE78-3DD5-4533-A88B-AA10A97BAB74}.Debug|x64.Build.0 = Debug|Any CPU
		{3587BE78-3DD5-4533-A88B-AA10A97BAB74}.Debug|x86.ActiveCfg = Debug|Any CPU
		{3587BE78-3DD5-4533-A88B-AA10A97BAB74}.Debug|x86.Build.0 = Debug|Any CPU
		{3587BE78-3DD5-4533-A88B-AA10A97BAB74}.Release|Any CPU.ActiveCfg = Release|Any CPU
		{3587BE78-3DD5-4533-A88B-AA10A97BAB74}.Release|Any CPU.Build.0 = Release|Any CPU
		{3587BE78-3DD5-4533-A88B-AA10A97BAB74}.Release|ARM.ActiveCfg = Release|Any CPU
		{3587BE78-3DD5-4533-A88B-AA10A97BAB74}.Release|ARM.Build.0 = Release|Any CPU
		{3587BE78-3DD5-4533-A88B-AA10A97BAB74}.Release|iPhone.ActiveCfg = Release|Any CPU
		{3587BE78-3DD5-4533-A88B-AA10A97BAB74}.Release|iPhone.Build.0 = Release|Any CPU
		{3587BE78-3DD5-4533-A88B-AA10A97BAB74}.Release|iPhoneSimulator.ActiveCfg = Release|Any CPU
		{3587BE78-3DD5-4533-A88B-AA10A97BAB74}.Release|iPhoneSimulator.Build.0 = Release|Any CPU
		{3587BE78-3DD5-4533-A88B-AA10A97BAB74}.Release|x64.ActiveCfg = Release|Any CPU
		{3587BE78-3DD5-4533-A88B-AA10A97BAB74}.Release|x64.Build.0 = Release|Any CPU
		{3587BE78-3DD5-4533-A88B-AA10A97BAB74}.Release|x86.ActiveCfg = Release|Any CPU
		{3587BE78-3DD5-4533-A88B-AA10A97BAB74}.Release|x86.Build.0 = Release|Any CPU
		{5E130345-A1E9-4ACE-949C-6413A285FE55}.Ad-Hoc|Any CPU.ActiveCfg = Release|Any CPU
		{5E130345-A1E9-4ACE-949C-6413A285FE55}.Ad-Hoc|Any CPU.Build.0 = Release|Any CPU
		{5E130345-A1E9-4ACE-949C-6413A285FE55}.Ad-Hoc|ARM.ActiveCfg = Release|Any CPU
		{5E130345-A1E9-4ACE-949C-6413A285FE55}.Ad-Hoc|ARM.Build.0 = Release|Any CPU
		{5E130345-A1E9-4ACE-949C-6413A285FE55}.Ad-Hoc|iPhone.ActiveCfg = Release|Any CPU
		{5E130345-A1E9-4ACE-949C-6413A285FE55}.Ad-Hoc|iPhone.Build.0 = Release|Any CPU
		{5E130345-A1E9-4ACE-949C-6413A285FE55}.Ad-Hoc|iPhoneSimulator.ActiveCfg = Release|Any CPU
		{5E130345-A1E9-4ACE-949C-6413A285FE55}.Ad-Hoc|iPhoneSimulator.Build.0 = Release|Any CPU
		{5E130345-A1E9-4ACE-949C-6413A285FE55}.Ad-Hoc|x64.ActiveCfg = Release|Any CPU
		{5E130345-A1E9-4ACE-949C-6413A285FE55}.Ad-Hoc|x64.Build.0 = Release|Any CPU
		{5E130345-A1E9-4ACE-949C-6413A285FE55}.Ad-Hoc|x86.ActiveCfg = Release|Any CPU
		{5E130345-A1E9-4ACE-949C-6413A285FE55}.Ad-Hoc|x86.Build.0 = Release|Any CPU
		{5E130345-A1E9-4ACE-949C-6413A285FE55}.AppStore|Any CPU.ActiveCfg = Release|Any CPU
		{5E130345-A1E9-4ACE-949C-6413A285FE55}.AppStore|Any CPU.Build.0 = Release|Any CPU
		{5E130345-A1E9-4ACE-949C-6413A285FE55}.AppStore|ARM.ActiveCfg = Release|Any CPU
		{5E130345-A1E9-4ACE-949C-6413A285FE55}.AppStore|ARM.Build.0 = Release|Any CPU
		{5E130345-A1E9-4ACE-949C-6413A285FE55}.AppStore|iPhone.ActiveCfg = Release|Any CPU
		{5E130345-A1E9-4ACE-949C-6413A285FE55}.AppStore|iPhone.Build.0 = Release|Any CPU
		{5E130345-A1E9-4ACE-949C-6413A285FE55}.AppStore|iPhoneSimulator.ActiveCfg = Release|Any CPU
		{5E130345-A1E9-4ACE-949C-6413A285FE55}.AppStore|iPhoneSimulator.Build.0 = Release|Any CPU
		{5E130345-A1E9-4ACE-949C-6413A285FE55}.AppStore|x64.ActiveCfg = Release|Any CPU
		{5E130345-A1E9-4ACE-949C-6413A285FE55}.AppStore|x64.Build.0 = Release|Any CPU
		{5E130345-A1E9-4ACE-949C-6413A285FE55}.AppStore|x86.ActiveCfg = Release|Any CPU
		{5E130345-A1E9-4ACE-949C-6413A285FE55}.AppStore|x86.Build.0 = Release|Any CPU
		{5E130345-A1E9-4ACE-949C-6413A285FE55}.Debug|Any CPU.ActiveCfg = Debug|Any CPU
		{5E130345-A1E9-4ACE-949C-6413A285FE55}.Debug|Any CPU.Build.0 = Debug|Any CPU
		{5E130345-A1E9-4ACE-949C-6413A285FE55}.Debug|ARM.ActiveCfg = Debug|Any CPU
		{5E130345-A1E9-4ACE-949C-6413A285FE55}.Debug|ARM.Build.0 = Debug|Any CPU
		{5E130345-A1E9-4ACE-949C-6413A285FE55}.Debug|iPhone.ActiveCfg = Debug|Any CPU
		{5E130345-A1E9-4ACE-949C-6413A285FE55}.Debug|iPhone.Build.0 = Debug|Any CPU
		{5E130345-A1E9-4ACE-949C-6413A285FE55}.Debug|iPhoneSimulator.ActiveCfg = Debug|Any CPU
		{5E130345-A1E9-4ACE-949C-6413A285FE55}.Debug|iPhoneSimulator.Build.0 = Debug|Any CPU
		{5E130345-A1E9-4ACE-949C-6413A285FE55}.Debug|x64.ActiveCfg = Debug|Any CPU
		{5E130345-A1E9-4ACE-949C-6413A285FE55}.Debug|x64.Build.0 = Debug|Any CPU
		{5E130345-A1E9-4ACE-949C-6413A285FE55}.Debug|x86.ActiveCfg = Debug|Any CPU
		{5E130345-A1E9-4ACE-949C-6413A285FE55}.Debug|x86.Build.0 = Debug|Any CPU
		{5E130345-A1E9-4ACE-949C-6413A285FE55}.Release|Any CPU.ActiveCfg = Release|Any CPU
		{5E130345-A1E9-4ACE-949C-6413A285FE55}.Release|Any CPU.Build.0 = Release|Any CPU
		{5E130345-A1E9-4ACE-949C-6413A285FE55}.Release|ARM.ActiveCfg = Release|Any CPU
		{5E130345-A1E9-4ACE-949C-6413A285FE55}.Release|ARM.Build.0 = Release|Any CPU
		{5E130345-A1E9-4ACE-949C-6413A285FE55}.Release|iPhone.ActiveCfg = Release|Any CPU
		{5E130345-A1E9-4ACE-949C-6413A285FE55}.Release|iPhone.Build.0 = Release|Any CPU
		{5E130345-A1E9-4ACE-949C-6413A285FE55}.Release|iPhoneSimulator.ActiveCfg = Release|Any CPU
		{5E130345-A1E9-4ACE-949C-6413A285FE55}.Release|iPhoneSimulator.Build.0 = Release|Any CPU
		{5E130345-A1E9-4ACE-949C-6413A285FE55}.Release|x64.ActiveCfg = Release|Any CPU
		{5E130345-A1E9-4ACE-949C-6413A285FE55}.Release|x64.Build.0 = Release|Any CPU
		{5E130345-A1E9-4ACE-949C-6413A285FE55}.Release|x86.ActiveCfg = Release|Any CPU
		{5E130345-A1E9-4ACE-949C-6413A285FE55}.Release|x86.Build.0 = Release|Any CPU
		{81F6C6C0-084D-4321-8D0C-F7EFEBDFED0D}.Ad-Hoc|Any CPU.ActiveCfg = Release|Any CPU
		{81F6C6C0-084D-4321-8D0C-F7EFEBDFED0D}.Ad-Hoc|Any CPU.Build.0 = Release|Any CPU
		{81F6C6C0-084D-4321-8D0C-F7EFEBDFED0D}.Ad-Hoc|Any CPU.Deploy.0 = Release|Any CPU
		{81F6C6C0-084D-4321-8D0C-F7EFEBDFED0D}.Ad-Hoc|ARM.ActiveCfg = Release|ARM
		{81F6C6C0-084D-4321-8D0C-F7EFEBDFED0D}.Ad-Hoc|ARM.Build.0 = Release|ARM
		{81F6C6C0-084D-4321-8D0C-F7EFEBDFED0D}.Ad-Hoc|ARM.Deploy.0 = Release|ARM
		{81F6C6C0-084D-4321-8D0C-F7EFEBDFED0D}.Ad-Hoc|iPhone.ActiveCfg = Release|Any CPU
		{81F6C6C0-084D-4321-8D0C-F7EFEBDFED0D}.Ad-Hoc|iPhone.Build.0 = Release|Any CPU
		{81F6C6C0-084D-4321-8D0C-F7EFEBDFED0D}.Ad-Hoc|iPhone.Deploy.0 = Release|Any CPU
		{81F6C6C0-084D-4321-8D0C-F7EFEBDFED0D}.Ad-Hoc|iPhoneSimulator.ActiveCfg = Release|Any CPU
		{81F6C6C0-084D-4321-8D0C-F7EFEBDFED0D}.Ad-Hoc|iPhoneSimulator.Build.0 = Release|Any CPU
		{81F6C6C0-084D-4321-8D0C-F7EFEBDFED0D}.Ad-Hoc|iPhoneSimulator.Deploy.0 = Release|Any CPU
		{81F6C6C0-084D-4321-8D0C-F7EFEBDFED0D}.Ad-Hoc|x64.ActiveCfg = Release|x64
		{81F6C6C0-084D-4321-8D0C-F7EFEBDFED0D}.Ad-Hoc|x64.Build.0 = Release|x64
		{81F6C6C0-084D-4321-8D0C-F7EFEBDFED0D}.Ad-Hoc|x64.Deploy.0 = Release|x64
		{81F6C6C0-084D-4321-8D0C-F7EFEBDFED0D}.Ad-Hoc|x86.ActiveCfg = Release|x86
		{81F6C6C0-084D-4321-8D0C-F7EFEBDFED0D}.Ad-Hoc|x86.Build.0 = Release|x86
		{81F6C6C0-084D-4321-8D0C-F7EFEBDFED0D}.Ad-Hoc|x86.Deploy.0 = Release|x86
		{81F6C6C0-084D-4321-8D0C-F7EFEBDFED0D}.AppStore|Any CPU.ActiveCfg = Release|Any CPU
		{81F6C6C0-084D-4321-8D0C-F7EFEBDFED0D}.AppStore|Any CPU.Build.0 = Release|Any CPU
		{81F6C6C0-084D-4321-8D0C-F7EFEBDFED0D}.AppStore|Any CPU.Deploy.0 = Release|Any CPU
		{81F6C6C0-084D-4321-8D0C-F7EFEBDFED0D}.AppStore|ARM.ActiveCfg = Release|ARM
		{81F6C6C0-084D-4321-8D0C-F7EFEBDFED0D}.AppStore|ARM.Build.0 = Release|ARM
		{81F6C6C0-084D-4321-8D0C-F7EFEBDFED0D}.AppStore|ARM.Deploy.0 = Release|ARM
		{81F6C6C0-084D-4321-8D0C-F7EFEBDFED0D}.AppStore|iPhone.ActiveCfg = Release|Any CPU
		{81F6C6C0-084D-4321-8D0C-F7EFEBDFED0D}.AppStore|iPhone.Build.0 = Release|Any CPU
		{81F6C6C0-084D-4321-8D0C-F7EFEBDFED0D}.AppStore|iPhone.Deploy.0 = Release|Any CPU
		{81F6C6C0-084D-4321-8D0C-F7EFEBDFED0D}.AppStore|iPhoneSimulator.ActiveCfg = Release|Any CPU
		{81F6C6C0-084D-4321-8D0C-F7EFEBDFED0D}.AppStore|iPhoneSimulator.Build.0 = Release|Any CPU
		{81F6C6C0-084D-4321-8D0C-F7EFEBDFED0D}.AppStore|iPhoneSimulator.Deploy.0 = Release|Any CPU
		{81F6C6C0-084D-4321-8D0C-F7EFEBDFED0D}.AppStore|x64.ActiveCfg = Release|x64
		{81F6C6C0-084D-4321-8D0C-F7EFEBDFED0D}.AppStore|x64.Build.0 = Release|x64
		{81F6C6C0-084D-4321-8D0C-F7EFEBDFED0D}.AppStore|x64.Deploy.0 = Release|x64
		{81F6C6C0-084D-4321-8D0C-F7EFEBDFED0D}.AppStore|x86.ActiveCfg = Release|x86
		{81F6C6C0-084D-4321-8D0C-F7EFEBDFED0D}.AppStore|x86.Build.0 = Release|x86
		{81F6C6C0-084D-4321-8D0C-F7EFEBDFED0D}.AppStore|x86.Deploy.0 = Release|x86
		{81F6C6C0-084D-4321-8D0C-F7EFEBDFED0D}.Debug|Any CPU.ActiveCfg = Debug|Any CPU
		{81F6C6C0-084D-4321-8D0C-F7EFEBDFED0D}.Debug|Any CPU.Build.0 = Debug|Any CPU
		{81F6C6C0-084D-4321-8D0C-F7EFEBDFED0D}.Debug|Any CPU.Deploy.0 = Debug|Any CPU
		{81F6C6C0-084D-4321-8D0C-F7EFEBDFED0D}.Debug|ARM.ActiveCfg = Debug|ARM
		{81F6C6C0-084D-4321-8D0C-F7EFEBDFED0D}.Debug|ARM.Build.0 = Debug|ARM
		{81F6C6C0-084D-4321-8D0C-F7EFEBDFED0D}.Debug|ARM.Deploy.0 = Debug|ARM
		{81F6C6C0-084D-4321-8D0C-F7EFEBDFED0D}.Debug|iPhone.ActiveCfg = Debug|Any CPU
		{81F6C6C0-084D-4321-8D0C-F7EFEBDFED0D}.Debug|iPhone.Build.0 = Debug|Any CPU
		{81F6C6C0-084D-4321-8D0C-F7EFEBDFED0D}.Debug|iPhone.Deploy.0 = Debug|Any CPU
		{81F6C6C0-084D-4321-8D0C-F7EFEBDFED0D}.Debug|iPhoneSimulator.ActiveCfg = Debug|Any CPU
		{81F6C6C0-084D-4321-8D0C-F7EFEBDFED0D}.Debug|iPhoneSimulator.Build.0 = Debug|Any CPU
		{81F6C6C0-084D-4321-8D0C-F7EFEBDFED0D}.Debug|iPhoneSimulator.Deploy.0 = Debug|Any CPU
		{81F6C6C0-084D-4321-8D0C-F7EFEBDFED0D}.Debug|x64.ActiveCfg = Debug|x64
		{81F6C6C0-084D-4321-8D0C-F7EFEBDFED0D}.Debug|x64.Build.0 = Debug|x64
		{81F6C6C0-084D-4321-8D0C-F7EFEBDFED0D}.Debug|x64.Deploy.0 = Debug|x64
		{81F6C6C0-084D-4321-8D0C-F7EFEBDFED0D}.Debug|x86.ActiveCfg = Debug|x86
		{81F6C6C0-084D-4321-8D0C-F7EFEBDFED0D}.Debug|x86.Build.0 = Debug|x86
		{81F6C6C0-084D-4321-8D0C-F7EFEBDFED0D}.Debug|x86.Deploy.0 = Debug|x86
		{81F6C6C0-084D-4321-8D0C-F7EFEBDFED0D}.Release|Any CPU.ActiveCfg = Release|Any CPU
		{81F6C6C0-084D-4321-8D0C-F7EFEBDFED0D}.Release|Any CPU.Build.0 = Release|Any CPU
		{81F6C6C0-084D-4321-8D0C-F7EFEBDFED0D}.Release|Any CPU.Deploy.0 = Release|Any CPU
		{81F6C6C0-084D-4321-8D0C-F7EFEBDFED0D}.Release|ARM.ActiveCfg = Release|ARM
		{81F6C6C0-084D-4321-8D0C-F7EFEBDFED0D}.Release|ARM.Build.0 = Release|ARM
		{81F6C6C0-084D-4321-8D0C-F7EFEBDFED0D}.Release|ARM.Deploy.0 = Release|ARM
		{81F6C6C0-084D-4321-8D0C-F7EFEBDFED0D}.Release|iPhone.ActiveCfg = Release|Any CPU
		{81F6C6C0-084D-4321-8D0C-F7EFEBDFED0D}.Release|iPhone.Build.0 = Release|Any CPU
		{81F6C6C0-084D-4321-8D0C-F7EFEBDFED0D}.Release|iPhone.Deploy.0 = Release|Any CPU
		{81F6C6C0-084D-4321-8D0C-F7EFEBDFED0D}.Release|iPhoneSimulator.ActiveCfg = Release|Any CPU
		{81F6C6C0-084D-4321-8D0C-F7EFEBDFED0D}.Release|iPhoneSimulator.Build.0 = Release|Any CPU
		{81F6C6C0-084D-4321-8D0C-F7EFEBDFED0D}.Release|iPhoneSimulator.Deploy.0 = Release|Any CPU
		{81F6C6C0-084D-4321-8D0C-F7EFEBDFED0D}.Release|x64.ActiveCfg = Release|x64
		{81F6C6C0-084D-4321-8D0C-F7EFEBDFED0D}.Release|x64.Build.0 = Release|x64
		{81F6C6C0-084D-4321-8D0C-F7EFEBDFED0D}.Release|x64.Deploy.0 = Release|x64
		{81F6C6C0-084D-4321-8D0C-F7EFEBDFED0D}.Release|x86.ActiveCfg = Release|x86
		{81F6C6C0-084D-4321-8D0C-F7EFEBDFED0D}.Release|x86.Build.0 = Release|x86
		{81F6C6C0-084D-4321-8D0C-F7EFEBDFED0D}.Release|x86.Deploy.0 = Release|x86
	EndGlobalSection
	GlobalSection(SolutionProperties) = preSolution
		HideSolutionNode = FALSE
	EndGlobalSection
EndGlobal
