
Microsoft Visual Studio Solution File, Format Version 12.00
# Visual Studio 14
VisualStudioVersion = 14.0.23107.0
MinimumVisualStudioVersion = 10.0.40219.1
Project("{FAE04EC0-301F-11D3-BF4B-00C04F79EFBC}") = "Labyrinth", "Labyrinth\Labyrinth.csproj", "{29BACB01-BE00-4103-A1B7-00422CEEB37E}"
EndProject
Project("{FAE04EC0-301F-11D3-BF4B-00C04F79EFBC}") = "Labyrinth.Model", "Labyrinth.Model\Labyrinth.Model.csproj", "{072C9EC8-91A1-43ED-8D27-CA691EAB9200}"
EndProject
Project("{FAE04EC0-301F-11D3-BF4B-00C04F79EFBC}") = "Labyrinth.Data", "Labyrinth.Data\Labyrinth.Data.csproj", "{390435F9-D395-453C-98C7-2CBFF9BCADD8}"
EndProject
Project("{FAE04EC0-301F-11D3-BF4B-00C04F79EFBC}") = "LabyrinthModelTest", "UnitTestProject1\LabyrinthModelTest.csproj", "{0610B6A6-AC84-4B10-BDF3-B98F93C1B05D}"
EndProject
Global
	GlobalSection(SolutionConfigurationPlatforms) = preSolution
		Debug|Any CPU = Debug|Any CPU
		Release|Any CPU = Release|Any CPU
	EndGlobalSection
	GlobalSection(ProjectConfigurationPlatforms) = postSolution
		{29BACB01-BE00-4103-A1B7-00422CEEB37E}.Debug|Any CPU.ActiveCfg = Debug|Any CPU
		{29BACB01-BE00-4103-A1B7-00422CEEB37E}.Debug|Any CPU.Build.0 = Debug|Any CPU
		{29BACB01-BE00-4103-A1B7-00422CEEB37E}.Release|Any CPU.ActiveCfg = Release|Any CPU
		{29BACB01-BE00-4103-A1B7-00422CEEB37E}.Release|Any CPU.Build.0 = Release|Any CPU
		{072C9EC8-91A1-43ED-8D27-CA691EAB9200}.Debug|Any CPU.ActiveCfg = Debug|Any CPU
		{072C9EC8-91A1-43ED-8D27-CA691EAB9200}.Debug|Any CPU.Build.0 = Debug|Any CPU
		{072C9EC8-91A1-43ED-8D27-CA691EAB9200}.Release|Any CPU.ActiveCfg = Release|Any CPU
		{072C9EC8-91A1-43ED-8D27-CA691EAB9200}.Release|Any CPU.Build.0 = Release|Any CPU
		{390435F9-D395-453C-98C7-2CBFF9BCADD8}.Debug|Any CPU.ActiveCfg = Debug|Any CPU
		{390435F9-D395-453C-98C7-2CBFF9BCADD8}.Debug|Any CPU.Build.0 = Debug|Any CPU
		{390435F9-D395-453C-98C7-2CBFF9BCADD8}.Release|Any CPU.ActiveCfg = Release|Any CPU
		{390435F9-D395-453C-98C7-2CBFF9BCADD8}.Release|Any CPU.Build.0 = Release|Any CPU
		{0610B6A6-AC84-4B10-BDF3-B98F93C1B05D}.Debug|Any CPU.ActiveCfg = Debug|Any CPU
		{0610B6A6-AC84-4B10-BDF3-B98F93C1B05D}.Debug|Any CPU.Build.0 = Debug|Any CPU
		{0610B6A6-AC84-4B10-BDF3-B98F93C1B05D}.Release|Any CPU.ActiveCfg = Release|Any CPU
		{0610B6A6-AC84-4B10-BDF3-B98F93C1B05D}.Release|Any CPU.Build.0 = Release|Any CPU
	EndGlobalSection
	GlobalSection(SolutionProperties) = preSolution
		HideSolutionNode = FALSE
	EndGlobalSection
EndGlobal
